// !$*UTF8*$!
{
	archiveVersion = 1;
	classes = {
	};
	objectVersion = 50;
	objects = {

/* Begin PBXBuildFile section */
		FAC3724122E8B25E00B95B1D /* AppDelegate.swift in Sources */ = {isa = PBXBuildFile; fileRef = FAC3724022E8B25E00B95B1D /* AppDelegate.swift */; };
		FAC3724322E8B25E00B95B1D /* ViewController.swift in Sources */ = {isa = PBXBuildFile; fileRef = FAC3724222E8B25E00B95B1D /* ViewController.swift */; };
		FAC3724622E8B25E00B95B1D /* Main.storyboard in Resources */ = {isa = PBXBuildFile; fileRef = FAC3724422E8B25E00B95B1D /* Main.storyboard */; };
		FAC3724922E8B25E00B95B1D /* newsapp.xcdatamodeld in Sources */ = {isa = PBXBuildFile; fileRef = FAC3724722E8B25E00B95B1D /* newsapp.xcdatamodeld */; };
		FAC3724B22E8B26000B95B1D /* Assets.xcassets in Resources */ = {isa = PBXBuildFile; fileRef = FAC3724A22E8B26000B95B1D /* Assets.xcassets */; };
		FAC3724E22E8B26000B95B1D /* LaunchScreen.storyboard in Resources */ = {isa = PBXBuildFile; fileRef = FAC3724C22E8B26000B95B1D /* LaunchScreen.storyboard */; };
		FAC3725622E8B2A400B95B1D /* NewsTableViewController.swift in Sources */ = {isa = PBXBuildFile; fileRef = FAC3725522E8B2A400B95B1D /* NewsTableViewController.swift */; };
		FAC3725A22E8B86D00B95B1D /* NewsTableViewCell.swift in Sources */ = {isa = PBXBuildFile; fileRef = FAC3725922E8B86D00B95B1D /* NewsTableViewCell.swift */; };
		FAC3725C22E8CE5800B95B1D /* DetailNewsViewController.swift in Sources */ = {isa = PBXBuildFile; fileRef = FAC3725B22E8CE5800B95B1D /* DetailNewsViewController.swift */; };
/* End PBXBuildFile section */

/* Begin PBXFileReference section */
		FAC3723D22E8B25E00B95B1D /* newsapp.app */ = {isa = PBXFileReference; explicitFileType = wrapper.application; includeInIndex = 0; path = newsapp.app; sourceTree = BUILT_PRODUCTS_DIR; };
		FAC3724022E8B25E00B95B1D /* AppDelegate.swift */ = {isa = PBXFileReference; lastKnownFileType = sourcecode.swift; path = AppDelegate.swift; sourceTree = "<group>"; };
		FAC3724222E8B25E00B95B1D /* ViewController.swift */ = {isa = PBXFileReference; lastKnownFileType = sourcecode.swift; path = ViewController.swift; sourceTree = "<group>"; };
		FAC3724522E8B25E00B95B1D /* Base */ = {isa = PBXFileReference; lastKnownFileType = file.storyboard; name = Base; path = Base.lproj/Main.storyboard; sourceTree = "<group>"; };
		FAC3724822E8B25E00B95B1D /* newsapp.xcdatamodel */ = {isa = PBXFileReference; lastKnownFileType = wrapper.xcdatamodel; path = newsapp.xcdatamodel; sourceTree = "<group>"; };
		FAC3724A22E8B26000B95B1D /* Assets.xcassets */ = {isa = PBXFileReference; lastKnownFileType = folder.assetcatalog; path = Assets.xcassets; sourceTree = "<group>"; };
		FAC3724D22E8B26000B95B1D /* Base */ = {isa = PBXFileReference; lastKnownFileType = file.storyboard; name = Base; path = Base.lproj/LaunchScreen.storyboard; sourceTree = "<group>"; };
		FAC3724F22E8B26000B95B1D /* Info.plist */ = {isa = PBXFileReference; lastKnownFileType = text.plist.xml; path = Info.plist; sourceTree = "<group>"; };
		FAC3725522E8B2A400B95B1D /* NewsTableViewController.swift */ = {isa = PBXFileReference; lastKnownFileType = sourcecode.swift; path = NewsTableViewController.swift; sourceTree = "<group>"; };
		FAC3725922E8B86D00B95B1D /* NewsTableViewCell.swift */ = {isa = PBXFileReference; lastKnownFileType = sourcecode.swift; path = NewsTableViewCell.swift; sourceTree = "<group>"; };
		FAC3725B22E8CE5800B95B1D /* DetailNewsViewController.swift */ = {isa = PBXFileReference; lastKnownFileType = sourcecode.swift; path = DetailNewsViewController.swift; sourceTree = "<group>"; };
/* End PBXFileReference section */

/* Begin PBXFrameworksBuildPhase section */
		FAC3723A22E8B25E00B95B1D /* Frameworks */ = {
			isa = PBXFrameworksBuildPhase;
			buildActionMask = 2147483647;
			files = (
			);
			runOnlyForDeploymentPostprocessing = 0;
		};
/* End PBXFrameworksBuildPhase section */

/* Begin PBXGroup section */
		FAC3723422E8B25E00B95B1D = {
			isa = PBXGroup;
			children = (
				FAC3723F22E8B25E00B95B1D /* newsapp */,
				FAC3723E22E8B25E00B95B1D /* Products */,
			);
			sourceTree = "<group>";
		};
		FAC3723E22E8B25E00B95B1D /* Products */ = {
			isa = PBXGroup;
			children = (
				FAC3723D22E8B25E00B95B1D /* newsapp.app */,
			);
			name = Products;
			sourceTree = "<group>";
		};
		FAC3723F22E8B25E00B95B1D /* newsapp */ = {
			isa = PBXGroup;
			children = (
				FAC3724022E8B25E00B95B1D /* AppDelegate.swift */,
				FAC3724222E8B25E00B95B1D /* ViewController.swift */,
				FAC3724422E8B25E00B95B1D /* Main.storyboard */,
				FAC3724A22E8B26000B95B1D /* Assets.xcassets */,
				FAC3724C22E8B26000B95B1D /* LaunchScreen.storyboard */,
				FAC3724F22E8B26000B95B1D /* Info.plist */,
				FAC3724722E8B25E00B95B1D /* newsapp.xcdatamodeld */,
				FAC3725522E8B2A400B95B1D /* NewsTableViewController.swift */,
				FAC3725922E8B86D00B95B1D /* NewsTableViewCell.swift */,
				FAC3725B22E8CE5800B95B1D /* DetailNewsViewController.swift */,
			);
			path = newsapp;
			sourceTree = "<group>";
		};
/* End PBXGroup section */

/* Begin PBXNativeTarget section */
		FAC3723C22E8B25E00B95B1D /* newsapp */ = {
			isa = PBXNativeTarget;
			buildConfigurationList = FAC3725222E8B26000B95B1D /* Build configuration list for PBXNativeTarget "newsapp" */;
			buildPhases = (
				FAC3723922E8B25E00B95B1D /* Sources */,
				FAC3723A22E8B25E00B95B1D /* Frameworks */,
				FAC3723B22E8B25E00B95B1D /* Resources */,
			);
			buildRules = (
			);
			dependencies = (
			);
			name = newsapp;
			productName = newsapp;
			productReference = FAC3723D22E8B25E00B95B1D /* newsapp.app */;
			productType = "com.apple.product-type.application";
		};
/* End PBXNativeTarget section */

/* Begin PBXProject section */
		FAC3723522E8B25E00B95B1D /* Project object */ = {
			isa = PBXProject;
			attributes = {
				LastSwiftUpdateCheck = 1020;
				LastUpgradeCheck = 1020;
				ORGANIZATIONNAME = Macbook;
				TargetAttributes = {
					FAC3723C22E8B25E00B95B1D = {
						CreatedOnToolsVersion = 10.2.1;
					};
				};
			};
			buildConfigurationList = FAC3723822E8B25E00B95B1D /* Build configuration list for PBXProject "newsapp" */;
			compatibilityVersion = "Xcode 9.3";
			developmentRegion = en;
			hasScannedForEncodings = 0;
			knownRegions = (
				en,
				Base,
			);
			mainGroup = FAC3723422E8B25E00B95B1D;
			productRefGroup = FAC3723E22E8B25E00B95B1D /* Products */;
			projectDirPath = "";
			projectRoot = "";
			targets = (
				FAC3723C22E8B25E00B95B1D /* newsapp */,
			);
		};
/* End PBXProject section */

/* Begin PBXResourcesBuildPhase section */
		FAC3723B22E8B25E00B95B1D /* Resources */ = {
			isa = PBXResourcesBuildPhase;
			buildActionMask = 2147483647;
			files = (
				FAC3724E22E8B26000B95B1D /* LaunchScreen.storyboard in Resources */,
				FAC3724B22E8B26000B95B1D /* Assets.xcassets in Resources */,
				FAC3724622E8B25E00B95B1D /* Main.storyboard in Resources */,
			);
			runOnlyForDeploymentPostprocessing = 0;
		};
/* End PBXResourcesBuildPhase section */

/* Begin PBXSourcesBuildPhase section */
		FAC3723922E8B25E00B95B1D /* Sources */ = {
			isa = PBXSourcesBuildPhase;
			buildActionMask = 2147483647;
			files = (
				FAC3725622E8B2A400B95B1D /* NewsTableViewController.swift in Sources */,
				FAC3724322E8B25E00B95B1D /* ViewController.swift in Sources */,
				FAC3725A22E8B86D00B95B1D /* NewsTableViewCell.swift in Sources */,
				FAC3724922E8B25E00B95B1D /* newsapp.xcdatamodeld in Sources */,
				FAC3725C22E8CE5800B95B1D /* DetailNewsViewController.swift in Sources */,
				FAC3724122E8B25E00B95B1D /* AppDelegate.swift in Sources */,
			);
			runOnlyForDeploymentPostprocessing = 0;
		};
/* End PBXSourcesBuildPhase section */

/* Begin PBXVariantGroup section */
		FAC3724422E8B25E00B95B1D /* Main.storyboard */ = {
			isa = PBXVariantGroup;
			children = (
				FAC3724522E8B25E00B95B1D /* Base */,
			);
			name = Main.storyboard;
			sourceTree = "<group>";
		};
		FAC3724C22E8B26000B95B1D /* LaunchScreen.storyboard */ = {
			isa = PBXVariantGroup;
			children = (
				FAC3724D22E8B26000B95B1D /* Base */,
			);
			name = LaunchScreen.storyboard;
			sourceTree = "<group>";
		};
/* End PBXVariantGroup section */

/* Begin XCBuildConfiguration section */
		FAC3725022E8B26000B95B1D /* Debug */ = {
			isa = XCBuildConfiguration;
			buildSettings = {
				ALWAYS_SEARCH_USER_PATHS = NO;
				CLANG_ANALYZER_NONNULL = YES;
				CLANG_ANALYZER_NUMBER_OBJECT_CONVERSION = YES_AGGRESSIVE;
				CLANG_CXX_LANGUAGE_STANDARD = "gnu++14";
				CLANG_CXX_LIBRARY = "libc++";
				CLANG_ENABLE_MODULES = YES;
				CLANG_ENABLE_OBJC_ARC = YES;
				CLANG_ENABLE_OBJC_WEAK = YES;
				CLANG_WARN_BLOCK_CAPTURE_AUTORELEASING = YES;
				CLANG_WARN_BOOL_CONVERSION = YES;
				CLANG_WARN_COMMA = YES;
				CLANG_WARN_CONSTANT_CONVERSION = YES;
				CLANG_WARN_DEPRECATED_OBJC_IMPLEMENTATIONS = YES;
				CLANG_WARN_DIRECT_OBJC_ISA_USAGE = YES_ERROR;
				CLANG_WARN_DOCUMENTATION_COMMENTS = YES;
				CLANG_WARN_EMPTY_BODY = YES;
				CLANG_WARN_ENUM_CONVERSION = YES;
				CLANG_WARN_INFINITE_RECURSION = YES;
				CLANG_WARN_INT_CONVERSION = YES;
				CLANG_WARN_NON_LITERAL_NULL_CONVERSION = YES;
				CLANG_WARN_OBJC_IMPLICIT_RETAIN_SELF = YES;
				CLANG_WARN_OBJC_LITERAL_CONVERSION = YES;
				CLANG_WARN_OBJC_ROOT_CLASS = YES_ERROR;
				CLANG_WARN_RANGE_LOOP_ANALYSIS = YES;
				CLANG_WARN_STRICT_PROTOTYPES = YES;
				CLANG_WARN_SUSPICIOUS_MOVE = YES;
				CLANG_WARN_UNGUARDED_AVAILABILITY = YES_AGGRESSIVE;
				CLANG_WARN_UNREACHABLE_CODE = YES;
				CLANG_WARN__DUPLICATE_METHOD_MATCH = YES;
				CODE_SIGN_IDENTITY = "iPhone Developer";
				COPY_PHASE_STRIP = NO;
				DEBUG_INFORMATION_FORMAT = dwarf;
				ENABLE_STRICT_OBJC_MSGSEND = YES;
				ENABLE_TESTABILITY = YES;
				GCC_C_LANGUAGE_STANDARD = gnu11;
				GCC_DYNAMIC_NO_PIC = NO;
				GCC_NO_COMMON_BLOCKS = YES;
				GCC_OPTIMIZATION_LEVEL = 0;
				GCC_PREPROCESSOR_DEFINITIONS = (
					"DEBUG=1",
					"$(inherited)",
				);
				GCC_WARN_64_TO_32_BIT_CONVERSION = YES;
				GCC_WARN_ABOUT_RETURN_TYPE = YES_ERROR;
				GCC_WARN_UNDECLARED_SELECTOR = YES;
				GCC_WARN_UNINITIALIZED_AUTOS = YES_AGGRESSIVE;
				GCC_WARN_UNUSED_FUNCTION = YES;
				GCC_WARN_UNUSED_VARIABLE = YES;
				IPHONEOS_DEPLOYMENT_TARGET = 12.2;
				MTL_ENABLE_DEBUG_INFO = INCLUDE_SOURCE;
				MTL_FAST_MATH = YES;
				ONLY_ACTIVE_ARCH = YES;
				SDKROOT = iphoneos;
				SWIFT_ACTIVE_COMPILATION_CONDITIONS = DEBUG;
				SWIFT_OPTIMIZATION_LEVEL = "-Onone";
			};
			name = Debug;
		};
		FAC3725122E8B26000B95B1D /* Release */ = {
			isa = XCBuildConfiguration;
			buildSettings = {
				ALWAYS_SEARCH_USER_PATHS = NO;
				CLANG_ANALYZER_NONNULL = YES;
				CLANG_ANALYZER_NUMBER_OBJECT_CONVERSION = YES_AGGRESSIVE;
				CLANG_CXX_LANGUAGE_STANDARD = "gnu++14";
				CLANG_CXX_LIBRARY = "libc++";
				CLANG_ENABLE_MODULES = YES;
				CLANG_ENABLE_OBJC_ARC = YES;
				CLANG_ENABLE_OBJC_WEAK = YES;
				CLANG_WARN_BLOCK_CAPTURE_AUTORELEASING = YES;
				CLANG_WARN_BOOL_CONVERSION = YES;
				CLANG_WARN_COMMA = YES;
				CLANG_WARN_CONSTANT_CONVERSION = YES;
				CLANG_WARN_DEPRECATED_OBJC_IMPLEMENTATIONS = YES;
				CLANG_WARN_DIRECT_OBJC_ISA_USAGE = YES_ERROR;
				CLANG_WARN_DOCUMENTATION_COMMENTS = YES;
				CLANG_WARN_EMPTY_BODY = YES;
				CLANG_WARN_ENUM_CONVERSION = YES;
				CLANG_WARN_INFINITE_RECURSION = YES;
				CLANG_WARN_INT_CONVERSION = YES;
				CLANG_WARN_NON_LITERAL_NULL_CONVERSION = YES;
				CLANG_WARN_OBJC_IMPLICIT_RETAIN_SELF = YES;
				CLANG_WARN_OBJC_LITERAL_CONVERSION = YES;
				CLANG_WARN_OBJC_ROOT_CLASS = YES_ERROR;
				CLANG_WARN_RANGE_LOOP_ANALYSIS = YES;
				CLANG_WARN_STRICT_PROTOTYPES = YES;
				CLANG_WARN_SUSPICIOUS_MOVE = YES;
				CLANG_WARN_UNGUARDED_AVAILABILITY = YES_AGGRESSIVE;
				CLANG_WARN_UNREACHABLE_CODE = YES;
				CLANG_WARN__DUPLICATE_METHOD_MATCH = YES;
				CODE_SIGN_IDENTITY = "iPhone Developer";
				COPY_PHASE_STRIP = NO;
				DEBUG_INFORMATION_FORMAT = "dwarf-with-dsym";
				ENABLE_NS_ASSERTIONS = NO;
				ENABLE_STRICT_OBJC_MSGSEND = YES;
				GCC_C_LANGUAGE_STANDARD = gnu11;
				GCC_NO_COMMON_BLOCKS = YES;
				GCC_WARN_64_TO_32_BIT_CONVERSION = YES;
				GCC_WARN_ABOUT_RETURN_TYPE = YES_ERROR;
				GCC_WARN_UNDECLARED_SELECTOR = YES;
				GCC_WARN_UNINITIALIZED_AUTOS = YES_AGGRESSIVE;
				GCC_WARN_UNUSED_FUNCTION = YES;
				GCC_WARN_UNUSED_VARIABLE = YES;
				IPHONEOS_DEPLOYMENT_TARGET = 12.2;
				MTL_ENABLE_DEBUG_INFO = NO;
				MTL_FAST_MATH = YES;
				SDKROOT = iphoneos;
				SWIFT_COMPILATION_MODE = wholemodule;
				SWIFT_OPTIMIZATION_LEVEL = "-O";
				VALIDATE_PRODUCT = YES;
			};
			name = Release;
		};
		FAC3725322E8B26000B95B1D /* Debug */ = {
			isa = XCBuildConfiguration;
			buildSettings = {
				ASSETCATALOG_COMPILER_APPICON_NAME = AppIcon;
				CODE_SIGN_STYLE = Automatic;
				DEVELOPMENT_TEAM = 2SLNNM86NL;
				INFOPLIST_FILE = newsapp/Info.plist;
				LD_RUNPATH_SEARCH_PATHS = (
					"$(inherited)",
					"@executable_path/Frameworks",
				);
				PRODUCT_BUNDLE_IDENTIFIER = Aisulu.newsapp;
				PRODUCT_NAME = "$(TARGET_NAME)";
				SWIFT_VERSION = 5.0;
				TARGETED_DEVICE_FAMILY = "1,2";
			};
			name = Debug;
		};
		FAC3725422E8B26000B95B1D /* Release */ = {
			isa = XCBuildConfiguration;
			buildSettings = {
				ASSETCATALOG_COMPILER_APPICON_NAME = AppIcon;
				CODE_SIGN_STYLE = Automatic;
				DEVELOPMENT_TEAM = 2SLNNM86NL;
				INFOPLIST_FILE = newsapp/Info.plist;
				LD_RUNPATH_SEARCH_PATHS = (
					"$(inherited)",
					"@executable_path/Frameworks",
				);
				PRODUCT_BUNDLE_IDENTIFIER = Aisulu.newsapp;
				PRODUCT_NAME = "$(TARGET_NAME)";
				SWIFT_VERSION = 5.0;
				TARGETED_DEVICE_FAMILY = "1,2";
			};
			name = Release;
		};
/* End XCBuildConfiguration section */

/* Begin XCConfigurationList section */
		FAC3723822E8B25E00B95B1D /* Build configuration list for PBXProject "newsapp" */ = {
			isa = XCConfigurationList;
			buildConfigurations = (
				FAC3725022E8B26000B95B1D /* Debug */,
				FAC3725122E8B26000B95B1D /* Release */,
			);
			defaultConfigurationIsVisible = 0;
			defaultConfigurationName = Release;
		};
		FAC3725222E8B26000B95B1D /* Build configuration list for PBXNativeTarget "newsapp" */ = {
			isa = XCConfigurationList;
			buildConfigurations = (
				FAC3725322E8B26000B95B1D /* Debug */,
				FAC3725422E8B26000B95B1D /* Release */,
			);
			defaultConfigurationIsVisible = 0;
			defaultConfigurationName = Release;
		};
/* End XCConfigurationList section */

/* Begin XCVersionGroup section */
		FAC3724722E8B25E00B95B1D /* newsapp.xcdatamodeld */ = {
			isa = XCVersionGroup;
			children = (
				FAC3724822E8B25E00B95B1D /* newsapp.xcdatamodel */,
			);
			currentVersion = FAC3724822E8B25E00B95B1D /* newsapp.xcdatamodel */;
			path = newsapp.xcdatamodeld;
			sourceTree = "<group>";
			versionGroupType = wrapper.xcdatamodel;
		};
/* End XCVersionGroup section */
	};
	rootObject = FAC3723522E8B25E00B95B1D /* Project object */;
}
